
Microsoft Visual Studio Solution File, Format Version 12.00
# Visual Studio Version 16
VisualStudioVersion = 16.0.30621.155
MinimumVisualStudioVersion = 10.0.40219.1
Project("{888888A0-9F3D-457C-B088-3A5042F75D52}") = "FileManager", "FileManager.pyproj", "{A517F1B4-D41D-4939-8959-F87724B54832}"
EndProject
Global
	GlobalSection(SolutionConfigurationPlatforms) = preSolution
		Debug|Any CPU = Debug|Any CPU
		Release|Any CPU = Release|Any CPU
	EndGlobalSection
	GlobalSection(ProjectConfigurationPlatforms) = postSolution
		{A517F1B4-D41D-4939-8959-F87724B54832}.Debug|Any CPU.ActiveCfg = Debug|Any CPU
		{A517F1B4-D41D-4939-8959-F87724B54832}.Release|Any CPU.ActiveCfg = Release|Any CPU
	EndGlobalSection
	GlobalSection(SolutionProperties) = preSolution
		HideSolutionNode = FALSE
	EndGlobalSection
	GlobalSection(ExtensibilityGlobals) = postSolution
		SolutionGuid = {A591FD5A-578A-40A4-B71A-A3061794BF87}
	EndGlobalSection
EndGlobal
